
Microsoft Visual Studio Solution File, Format Version 12.00
# Visual Studio Version 16
VisualStudioVersion = 16.0.29613.14
MinimumVisualStudioVersion = 10.0.40219.1
Project("{FAE04EC0-301F-11D3-BF4B-00C04F79EFBC}") = "AzureSearch", "AzureSearch\AzureSearch.csproj", "{02DC3292-9057-45DF-B885-9073E1221068}"
EndProject
Global
	GlobalSection(SolutionConfigurationPlatforms) = preSolution
		Debug|Any CPU = Debug|Any CPU
		Release|Any CPU = Release|Any CPU
	EndGlobalSection
	GlobalSection(ProjectConfigurationPlatforms) = postSolution
		{02DC3292-9057-45DF-B885-9073E1221068}.Debug|Any CPU.ActiveCfg = Debug|Any CPU
		{02DC3292-9057-45DF-B885-9073E1221068}.Debug|Any CPU.Build.0 = Debug|Any CPU
		{02DC3292-9057-45DF-B885-9073E1221068}.Release|Any CPU.ActiveCfg = Release|Any CPU
		{02DC3292-9057-45DF-B885-9073E1221068}.Release|Any CPU.Build.0 = Release|Any CPU
	EndGlobalSection
	GlobalSection(SolutionProperties) = preSolution
		HideSolutionNode = FALSE
	EndGlobalSection
	GlobalSection(ExtensibilityGlobals) = postSolution
		SolutionGuid = {48AA3C44-533E-4FD5-9676-C526B4BF2C1B}
	EndGlobalSection
EndGlobal
